// !$*UTF8*$!
{
	archiveVersion = 1;
	classes = {
	};
	objectVersion = 50;
	objects = {

/* Begin PBXBuildFile section */
		92C3523A22AA241200CE8842 /* AppDelegate.swift in Sources */ = {isa = PBXBuildFile; fileRef = 92C3523922AA241200CE8842 /* AppDelegate.swift */; };
		92C3523C22AA241200CE8842 /* ViewController.swift in Sources */ = {isa = PBXBuildFile; fileRef = 92C3523B22AA241200CE8842 /* ViewController.swift */; };
		92C3523F22AA241200CE8842 /* Main.storyboard in Resources */ = {isa = PBXBuildFile; fileRef = 92C3523D22AA241200CE8842 /* Main.storyboard */; };
		92C3524122AA241400CE8842 /* Assets.xcassets in Resources */ = {isa = PBXBuildFile; fileRef = 92C3524022AA241400CE8842 /* Assets.xcassets */; };
		92C3524422AA241400CE8842 /* LaunchScreen.storyboard in Resources */ = {isa = PBXBuildFile; fileRef = 92C3524222AA241400CE8842 /* LaunchScreen.storyboard */; };
		92C3524F22AA241400CE8842 /* H03031Tests.swift in Sources */ = {isa = PBXBuildFile; fileRef = 92C3524E22AA241400CE8842 /* H03031Tests.swift */; };
		92C3525A22AA241400CE8842 /* H03031UITests.swift in Sources */ = {isa = PBXBuildFile; fileRef = 92C3525922AA241400CE8842 /* H03031UITests.swift */; };
/* End PBXBuildFile section */

/* Begin PBXContainerItemProxy section */
		92C3524B22AA241400CE8842 /* PBXContainerItemProxy */ = {
			isa = PBXContainerItemProxy;
			containerPortal = 92C3522E22AA241200CE8842 /* Project object */;
			proxyType = 1;
			remoteGlobalIDString = 92C3523522AA241200CE8842;
			remoteInfo = H03031;
		};
		92C3525622AA241400CE8842 /* PBXContainerItemProxy */ = {
			isa = PBXContainerItemProxy;
			containerPortal = 92C3522E22AA241200CE8842 /* Project object */;
			proxyType = 1;
			remoteGlobalIDString = 92C3523522AA241200CE8842;
			remoteInfo = H03031;
		};
/* End PBXContainerItemProxy section */

/* Begin PBXFileReference section */
		92C3523622AA241200CE8842 /* H03031.app */ = {isa = PBXFileReference; explicitFileType = wrapper.application; includeInIndex = 0; path = H03031.app; sourceTree = BUILT_PRODUCTS_DIR; };
		92C3523922AA241200CE8842 /* AppDelegate.swift */ = {isa = PBXFileReference; lastKnownFileType = sourcecode.swift; path = AppDelegate.swift; sourceTree = "<group>"; };
		92C3523B22AA241200CE8842 /* ViewController.swift */ = {isa = PBXFileReference; lastKnownFileType = sourcecode.swift; path = ViewController.swift; sourceTree = "<group>"; };
		92C3523E22AA241200CE8842 /* Base */ = {isa = PBXFileReference; lastKnownFileType = file.storyboard; name = Base; path = Base.lproj/Main.storyboard; sourceTree = "<group>"; };
		92C3524022AA241400CE8842 /* Assets.xcassets */ = {isa = PBXFileReference; lastKnownFileType = folder.assetcatalog; path = Assets.xcassets; sourceTree = "<group>"; };
		92C3524322AA241400CE8842 /* Base */ = {isa = PBXFileReference; lastKnownFileType = file.storyboard; name = Base; path = Base.lproj/LaunchScreen.storyboard; sourceTree = "<group>"; };
		92C3524522AA241400CE8842 /* Info.plist */ = {isa = PBXFileReference; lastKnownFileType = text.plist.xml; path = Info.plist; sourceTree = "<group>"; };
		92C3524A22AA241400CE8842 /* H03031Tests.xctest */ = {isa = PBXFileReference; explicitFileType = wrapper.cfbundle; includeInIndex = 0; path = H03031Tests.xctest; sourceTree = BUILT_PRODUCTS_DIR; };
		92C3524E22AA241400CE8842 /* H03031Tests.swift */ = {isa = PBXFileReference; lastKnownFileType = sourcecode.swift; path = H03031Tests.swift; sourceTree = "<group>"; };
		92C3525022AA241400CE8842 /* Info.plist */ = {isa = PBXFileReference; lastKnownFileType = text.plist.xml; path = Info.plist; sourceTree = "<group>"; };
		92C3525522AA241400CE8842 /* H03031UITests.xctest */ = {isa = PBXFileReference; explicitFileType = wrapper.cfbundle; includeInIndex = 0; path = H03031UITests.xctest; sourceTree = BUILT_PRODUCTS_DIR; };
		92C3525922AA241400CE8842 /* H03031UITests.swift */ = {isa = PBXFileReference; lastKnownFileType = sourcecode.swift; path = H03031UITests.swift; sourceTree = "<group>"; };
		92C3525B22AA241400CE8842 /* Info.plist */ = {isa = PBXFileReference; lastKnownFileType = text.plist.xml; path = Info.plist; sourceTree = "<group>"; };
/* End PBXFileReference section */

/* Begin PBXFrameworksBuildPhase section */
		92C3523322AA241200CE8842 /* Frameworks */ = {
			isa = PBXFrameworksBuildPhase;
			buildActionMask = 2147483647;
			files = (
			);
			runOnlyForDeploymentPostprocessing = 0;
		};
		92C3524722AA241400CE8842 /* Frameworks */ = {
			isa = PBXFrameworksBuildPhase;
			buildActionMask = 2147483647;
			files = (
			);
			runOnlyForDeploymentPostprocessing = 0;
		};
		92C3525222AA241400CE8842 /* Frameworks */ = {
			isa = PBXFrameworksBuildPhase;
			buildActionMask = 2147483647;
			files = (
			);
			runOnlyForDeploymentPostprocessing = 0;
		};
/* End PBXFrameworksBuildPhase section */

/* Begin PBXGroup section */
		92C3522D22AA241200CE8842 = {
			isa = PBXGroup;
			children = (
				92C3523822AA241200CE8842 /* H03031 */,
				92C3524D22AA241400CE8842 /* H03031Tests */,
				92C3525822AA241400CE8842 /* H03031UITests */,
				92C3523722AA241200CE8842 /* Products */,
			);
			sourceTree = "<group>";
		};
		92C3523722AA241200CE8842 /* Products */ = {
			isa = PBXGroup;
			children = (
				92C3523622AA241200CE8842 /* H03031.app */,
				92C3524A22AA241400CE8842 /* H03031Tests.xctest */,
				92C3525522AA241400CE8842 /* H03031UITests.xctest */,
			);
			name = Products;
			sourceTree = "<group>";
		};
		92C3523822AA241200CE8842 /* H03031 */ = {
			isa = PBXGroup;
			children = (
				92C3523922AA241200CE8842 /* AppDelegate.swift */,
				92C3523B22AA241200CE8842 /* ViewController.swift */,
				92C3523D22AA241200CE8842 /* Main.storyboard */,
				92C3524022AA241400CE8842 /* Assets.xcassets */,
				92C3524222AA241400CE8842 /* LaunchScreen.storyboard */,
				92C3524522AA241400CE8842 /* Info.plist */,
			);
			path = H03031;
			sourceTree = "<group>";
		};
		92C3524D22AA241400CE8842 /* H03031Tests */ = {
			isa = PBXGroup;
			children = (
				92C3524E22AA241400CE8842 /* H03031Tests.swift */,
				92C3525022AA241400CE8842 /* Info.plist */,
			);
			path = H03031Tests;
			sourceTree = "<group>";
		};
		92C3525822AA241400CE8842 /* H03031UITests */ = {
			isa = PBXGroup;
			children = (
				92C3525922AA241400CE8842 /* H03031UITests.swift */,
				92C3525B22AA241400CE8842 /* Info.plist */,
			);
			path = H03031UITests;
			sourceTree = "<group>";
		};
/* End PBXGroup section */

/* Begin PBXNativeTarget section */
		92C3523522AA241200CE8842 /* H03031 */ = {
			isa = PBXNativeTarget;
			buildConfigurationList = 92C3525E22AA241400CE8842 /* Build configuration list for PBXNativeTarget "H03031" */;
			buildPhases = (
				92C3523222AA241200CE8842 /* Sources */,
				92C3523322AA241200CE8842 /* Frameworks */,
				92C3523422AA241200CE8842 /* Resources */,
			);
			buildRules = (
			);
			dependencies = (
			);
			name = H03031;
			productName = H03031;
			productReference = 92C3523622AA241200CE8842 /* H03031.app */;
			productType = "com.apple.product-type.application";
		};
		92C3524922AA241400CE8842 /* H03031Tests */ = {
			isa = PBXNativeTarget;
			buildConfigurationList = 92C3526122AA241400CE8842 /* Build configuration list for PBXNativeTarget "H03031Tests" */;
			buildPhases = (
				92C3524622AA241400CE8842 /* Sources */,
				92C3524722AA241400CE8842 /* Frameworks */,
				92C3524822AA241400CE8842 /* Resources */,
			);
			buildRules = (
			);
			dependencies = (
				92C3524C22AA241400CE8842 /* PBXTargetDependency */,
			);
			name = H03031Tests;
			productName = H03031Tests;
			productReference = 92C3524A22AA241400CE8842 /* H03031Tests.xctest */;
			productType = "com.apple.product-type.bundle.unit-test";
		};
		92C3525422AA241400CE8842 /* H03031UITests */ = {
			isa = PBXNativeTarget;
			buildConfigurationList = 92C3526422AA241400CE8842 /* Build configuration list for PBXNativeTarget "H03031UITests" */;
			buildPhases = (
				92C3525122AA241400CE8842 /* Sources */,
				92C3525222AA241400CE8842 /* Frameworks */,
				92C3525322AA241400CE8842 /* Resources */,
			);
			buildRules = (
			);
			dependencies = (
				92C3525722AA241400CE8842 /* PBXTargetDependency */,
			);
			name = H03031UITests;
			productName = H03031UITests;
			productReference = 92C3525522AA241400CE8842 /* H03031UITests.xctest */;
			productType = "com.apple.product-type.bundle.ui-testing";
		};
/* End PBXNativeTarget section */

/* Begin PBXProject section */
		92C3522E22AA241200CE8842 /* Project object */ = {
			isa = PBXProject;
			attributes = {
				LastSwiftUpdateCheck = 1020;
				LastUpgradeCheck = 1020;
				ORGANIZATIONNAME = web;
				TargetAttributes = {
					92C3523522AA241200CE8842 = {
						CreatedOnToolsVersion = 10.2.1;
					};
					92C3524922AA241400CE8842 = {
						CreatedOnToolsVersion = 10.2.1;
						TestTargetID = 92C3523522AA241200CE8842;
					};
					92C3525422AA241400CE8842 = {
						CreatedOnToolsVersion = 10.2.1;
						TestTargetID = 92C3523522AA241200CE8842;
					};
				};
			};
			buildConfigurationList = 92C3523122AA241200CE8842 /* Build configuration list for PBXProject "H03031" */;
			compatibilityVersion = "Xcode 9.3";
			developmentRegion = en;
			hasScannedForEncodings = 0;
			knownRegions = (
				en,
				Base,
			);
			mainGroup = 92C3522D22AA241200CE8842;
			productRefGroup = 92C3523722AA241200CE8842 /* Products */;
			projectDirPath = "";
			projectRoot = "";
			targets = (
				92C3523522AA241200CE8842 /* H03031 */,
				92C3524922AA241400CE8842 /* H03031Tests */,
				92C3525422AA241400CE8842 /* H03031UITests */,
			);
		};
/* End PBXProject section */

/* Begin PBXResourcesBuildPhase section */
		92C3523422AA241200CE8842 /* Resources */ = {
			isa = PBXResourcesBuildPhase;
			buildActionMask = 2147483647;
			files = (
				92C3524422AA241400CE8842 /* LaunchScreen.storyboard in Resources */,
				92C3524122AA241400CE8842 /* Assets.xcassets in Resources */,
				92C3523F22AA241200CE8842 /* Main.storyboard in Resources */,
			);
			runOnlyForDeploymentPostprocessing = 0;
		};
		92C3524822AA241400CE8842 /* Resources */ = {
			isa = PBXResourcesBuildPhase;
			buildActionMask = 2147483647;
			files = (
			);
			runOnlyForDeploymentPostprocessing = 0;
		};
		92C3525322AA241400CE8842 /* Resources */ = {
			isa = PBXResourcesBuildPhase;
			buildActionMask = 2147483647;
			files = (
			);
			runOnlyForDeploymentPostprocessing = 0;
		};
/* End PBXResourcesBuildPhase section */

/* Begin PBXSourcesBuildPhase section */
		92C3523222AA241200CE8842 /* Sources */ = {
			isa = PBXSourcesBuildPhase;
			buildActionMask = 2147483647;
			files = (
				92C3523C22AA241200CE8842 /* ViewController.swift in Sources */,
				92C3523A22AA241200CE8842 /* AppDelegate.swift in Sources */,
			);
			runOnlyForDeploymentPostprocessing = 0;
		};
		92C3524622AA241400CE8842 /* Sources */ = {
			isa = PBXSourcesBuildPhase;
			buildActionMask = 2147483647;
			files = (
				92C3524F22AA241400CE8842 /* H03031Tests.swift in Sources */,
			);
			runOnlyForDeploymentPostprocessing = 0;
		};
		92C3525122AA241400CE8842 /* Sources */ = {
			isa = PBXSourcesBuildPhase;
			buildActionMask = 2147483647;
			files = (
				92C3525A22AA241400CE8842 /* H03031UITests.swift in Sources */,
			);
			runOnlyForDeploymentPostprocessing = 0;
		};
/* End PBXSourcesBuildPhase section */

/* Begin PBXTargetDependency section */
		92C3524C22AA241400CE8842 /* PBXTargetDependency */ = {
			isa = PBXTargetDependency;
			target = 92C3523522AA241200CE8842 /* H03031 */;
			targetProxy = 92C3524B22AA241400CE8842 /* PBXContainerItemProxy */;
		};
		92C3525722AA241400CE8842 /* PBXTargetDependency */ = {
			isa = PBXTargetDependency;
			target = 92C3523522AA241200CE8842 /* H03031 */;
			targetProxy = 92C3525622AA241400CE8842 /* PBXContainerItemProxy */;
		};
/* End PBXTargetDependency section */

/* Begin PBXVariantGroup section */
		92C3523D22AA241200CE8842 /* Main.storyboard */ = {
			isa = PBXVariantGroup;
			children = (
				92C3523E22AA241200CE8842 /* Base */,
			);
			name = Main.storyboard;
			sourceTree = "<group>";
		};
		92C3524222AA241400CE8842 /* LaunchScreen.storyboard */ = {
			isa = PBXVariantGroup;
			children = (
				92C3524322AA241400CE8842 /* Base */,
			);
			name = LaunchScreen.storyboard;
			sourceTree = "<group>";
		};
/* End PBXVariantGroup section */

/* Begin XCBuildConfiguration section */
		92C3525C22AA241400CE8842 /* Debug */ = {
			isa = XCBuildConfiguration;
			buildSettings = {
				ALWAYS_SEARCH_USER_PATHS = NO;
				CLANG_ANALYZER_NONNULL = YES;
				CLANG_ANALYZER_NUMBER_OBJECT_CONVERSION = YES_AGGRESSIVE;
				CLANG_CXX_LANGUAGE_STANDARD = "gnu++14";
				CLANG_CXX_LIBRARY = "libc++";
				CLANG_ENABLE_MODULES = YES;
				CLANG_ENABLE_OBJC_ARC = YES;
				CLANG_ENABLE_OBJC_WEAK = YES;
				CLANG_WARN_BLOCK_CAPTURE_AUTORELEASING = YES;
				CLANG_WARN_BOOL_CONVERSION = YES;
				CLANG_WARN_COMMA = YES;
				CLANG_WARN_CONSTANT_CONVERSION = YES;
				CLANG_WARN_DEPRECATED_OBJC_IMPLEMENTATIONS = YES;
				CLANG_WARN_DIRECT_OBJC_ISA_USAGE = YES_ERROR;
				CLANG_WARN_DOCUMENTATION_COMMENTS = YES;
				CLANG_WARN_EMPTY_BODY = YES;
				CLANG_WARN_ENUM_CONVERSION = YES;
				CLANG_WARN_INFINITE_RECURSION = YES;
				CLANG_WARN_INT_CONVERSION = YES;
				CLANG_WARN_NON_LITERAL_NULL_CONVERSION = YES;
				CLANG_WARN_OBJC_IMPLICIT_RETAIN_SELF = YES;
				CLANG_WARN_OBJC_LITERAL_CONVERSION = YES;
				CLANG_WARN_OBJC_ROOT_CLASS = YES_ERROR;
				CLANG_WARN_RANGE_LOOP_ANALYSIS = YES;
				CLANG_WARN_STRICT_PROTOTYPES = YES;
				CLANG_WARN_SUSPICIOUS_MOVE = YES;
				CLANG_WARN_UNGUARDED_AVAILABILITY = YES_AGGRESSIVE;
				CLANG_WARN_UNREACHABLE_CODE = YES;
				CLANG_WARN__DUPLICATE_METHOD_MATCH = YES;
				CODE_SIGN_IDENTITY = "iPhone Developer";
				COPY_PHASE_STRIP = NO;
				DEBUG_INFORMATION_FORMAT = dwarf;
				ENABLE_STRICT_OBJC_MSGSEND = YES;
				ENABLE_TESTABILITY = YES;
				GCC_C_LANGUAGE_STANDARD = gnu11;
				GCC_DYNAMIC_NO_PIC = NO;
				GCC_NO_COMMON_BLOCKS = YES;
				GCC_OPTIMIZATION_LEVEL = 0;
				GCC_PREPROCESSOR_DEFINITIONS = (
					"DEBUG=1",
					"$(inherited)",
				);
				GCC_WARN_64_TO_32_BIT_CONVERSION = YES;
				GCC_WARN_ABOUT_RETURN_TYPE = YES_ERROR;
				GCC_WARN_UNDECLARED_SELECTOR = YES;
				GCC_WARN_UNINITIALIZED_AUTOS = YES_AGGRESSIVE;
				GCC_WARN_UNUSED_FUNCTION = YES;
				GCC_WARN_UNUSED_VARIABLE = YES;
				IPHONEOS_DEPLOYMENT_TARGET = 12.2;
				MTL_ENABLE_DEBUG_INFO = INCLUDE_SOURCE;
				MTL_FAST_MATH = YES;
				ONLY_ACTIVE_ARCH = YES;
				SDKROOT = iphoneos;
				SWIFT_ACTIVE_COMPILATION_CONDITIONS = DEBUG;
				SWIFT_OPTIMIZATION_LEVEL = "-Onone";
			};
			name = Debug;
		};
		92C3525D22AA241400CE8842 /* Release */ = {
			isa = XCBuildConfiguration;
			buildSettings = {
				ALWAYS_SEARCH_USER_PATHS = NO;
				CLANG_ANALYZER_NONNULL = YES;
				CLANG_ANALYZER_NUMBER_OBJECT_CONVERSION = YES_AGGRESSIVE;
				CLANG_CXX_LANGUAGE_STANDARD = "gnu++14";
				CLANG_CXX_LIBRARY = "libc++";
				CLANG_ENABLE_MODULES = YES;
				CLANG_ENABLE_OBJC_ARC = YES;
				CLANG_ENABLE_OBJC_WEAK = YES;
				CLANG_WARN_BLOCK_CAPTURE_AUTORELEASING = YES;
				CLANG_WARN_BOOL_CONVERSION = YES;
				CLANG_WARN_COMMA = YES;
				CLANG_WARN_CONSTANT_CONVERSION = YES;
				CLANG_WARN_DEPRECATED_OBJC_IMPLEMENTATIONS = YES;
				CLANG_WARN_DIRECT_OBJC_ISA_USAGE = YES_ERROR;
				CLANG_WARN_DOCUMENTATION_COMMENTS = YES;
				CLANG_WARN_EMPTY_BODY = YES;
				CLANG_WARN_ENUM_CONVERSION = YES;
				CLANG_WARN_INFINITE_RECURSION = YES;
				CLANG_WARN_INT_CONVERSION = YES;
				CLANG_WARN_NON_LITERAL_NULL_CONVERSION = YES;
				CLANG_WARN_OBJC_IMPLICIT_RETAIN_SELF = YES;
				CLANG_WARN_OBJC_LITERAL_CONVERSION = YES;
				CLANG_WARN_OBJC_ROOT_CLASS = YES_ERROR;
				CLANG_WARN_RANGE_LOOP_ANALYSIS = YES;
				CLANG_WARN_STRICT_PROTOTYPES = YES;
				CLANG_WARN_SUSPICIOUS_MOVE = YES;
				CLANG_WARN_UNGUARDED_AVAILABILITY = YES_AGGRESSIVE;
				CLANG_WARN_UNREACHABLE_CODE = YES;
				CLANG_WARN__DUPLICATE_METHOD_MATCH = YES;
				CODE_SIGN_IDENTITY = "iPhone Developer";
				COPY_PHASE_STRIP = NO;
				DEBUG_INFORMATION_FORMAT = "dwarf-with-dsym";
				ENABLE_NS_ASSERTIONS = NO;
				ENABLE_STRICT_OBJC_MSGSEND = YES;
				GCC_C_LANGUAGE_STANDARD = gnu11;
				GCC_NO_COMMON_BLOCKS = YES;
				GCC_WARN_64_TO_32_BIT_CONVERSION = YES;
				GCC_WARN_ABOUT_RETURN_TYPE = YES_ERROR;
				GCC_WARN_UNDECLARED_SELECTOR = YES;
				GCC_WARN_UNINITIALIZED_AUTOS = YES_AGGRESSIVE;
				GCC_WARN_UNUSED_FUNCTION = YES;
				GCC_WARN_UNUSED_VARIABLE = YES;
				IPHONEOS_DEPLOYMENT_TARGET = 12.2;
				MTL_ENABLE_DEBUG_INFO = NO;
				MTL_FAST_MATH = YES;
				SDKROOT = iphoneos;
				SWIFT_COMPILATION_MODE = wholemodule;
				SWIFT_OPTIMIZATION_LEVEL = "-O";
				VALIDATE_PRODUCT = YES;
			};
			name = Release;
		};
		92C3525F22AA241400CE8842 /* Debug */ = {
			isa = XCBuildConfiguration;
			buildSettings = {
				ASSETCATALOG_COMPILER_APPICON_NAME = AppIcon;
				CODE_SIGN_STYLE = Automatic;
				INFOPLIST_FILE = H03031/Info.plist;
				LD_RUNPATH_SEARCH_PATHS = (
					"$(inherited)",
					"@executable_path/Frameworks",
				);
				PRODUCT_BUNDLE_IDENTIFIER = local.hal.jp.H03031;
				PRODUCT_NAME = "$(TARGET_NAME)";
				SWIFT_VERSION = 5.0;
				TARGETED_DEVICE_FAMILY = "1,2";
			};
			name = Debug;
		};
		92C3526022AA241400CE8842 /* Release */ = {
			isa = XCBuildConfiguration;
			buildSettings = {
				ASSETCATALOG_COMPILER_APPICON_NAME = AppIcon;
				CODE_SIGN_STYLE = Automatic;
				INFOPLIST_FILE = H03031/Info.plist;
				LD_RUNPATH_SEARCH_PATHS = (
					"$(inherited)",
					"@executable_path/Frameworks",
				);
				PRODUCT_BUNDLE_IDENTIFIER = local.hal.jp.H03031;
				PRODUCT_NAME = "$(TARGET_NAME)";
				SWIFT_VERSION = 5.0;
				TARGETED_DEVICE_FAMILY = "1,2";
			};
			name = Release;
		};
		92C3526222AA241400CE8842 /* Debug */ = {
			isa = XCBuildConfiguration;
			buildSettings = {
				ALWAYS_EMBED_SWIFT_STANDARD_LIBRARIES = YES;
				BUNDLE_LOADER = "$(TEST_HOST)";
				CODE_SIGN_STYLE = Automatic;
				INFOPLIST_FILE = H03031Tests/Info.plist;
				LD_RUNPATH_SEARCH_PATHS = (
					"$(inherited)",
					"@executable_path/Frameworks",
					"@loader_path/Frameworks",
				);
				PRODUCT_BUNDLE_IDENTIFIER = local.hal.jp.H03031Tests;
				PRODUCT_NAME = "$(TARGET_NAME)";
				SWIFT_VERSION = 5.0;
				TARGETED_DEVICE_FAMILY = "1,2";
				TEST_HOST = "$(BUILT_PRODUCTS_DIR)/H03031.app/H03031";
			};
			name = Debug;
		};
		92C3526322AA241400CE8842 /* Release */ = {
			isa = XCBuildConfiguration;
			buildSettings = {
				ALWAYS_EMBED_SWIFT_STANDARD_LIBRARIES = YES;
				BUNDLE_LOADER = "$(TEST_HOST)";
				CODE_SIGN_STYLE = Automatic;
				INFOPLIST_FILE = H03031Tests/Info.plist;
				LD_RUNPATH_SEARCH_PATHS = (
					"$(inherited)",
					"@executable_path/Frameworks",
					"@loader_path/Frameworks",
				);
				PRODUCT_BUNDLE_IDENTIFIER = local.hal.jp.H03031Tests;
				PRODUCT_NAME = "$(TARGET_NAME)";
				SWIFT_VERSION = 5.0;
				TARGETED_DEVICE_FAMILY = "1,2";
				TEST_HOST = "$(BUILT_PRODUCTS_DIR)/H03031.app/H03031";
			};
			name = Release;
		};
		92C3526522AA241400CE8842 /* Debug */ = {
			isa = XCBuildConfiguration;
			buildSettings = {
				ALWAYS_EMBED_SWIFT_STANDARD_LIBRARIES = YES;
				CODE_SIGN_STYLE = Automatic;
				INFOPLIST_FILE = H03031UITests/Info.plist;
				LD_RUNPATH_SEARCH_PATHS = (
					"$(inherited)",
					"@executable_path/Frameworks",
					"@loader_path/Frameworks",
				);
				PRODUCT_BUNDLE_IDENTIFIER = local.hal.jp.H03031UITests;
				PRODUCT_NAME = "$(TARGET_NAME)";
				SWIFT_VERSION = 5.0;
				TARGETED_DEVICE_FAMILY = "1,2";
				TEST_TARGET_NAME = H03031;
			};
			name = Debug;
		};
		92C3526622AA241400CE8842 /* Release */ = {
			isa = XCBuildConfiguration;
			buildSettings = {
				ALWAYS_EMBED_SWIFT_STANDARD_LIBRARIES = YES;
				CODE_SIGN_STYLE = Automatic;
				INFOPLIST_FILE = H03031UITests/Info.plist;
				LD_RUNPATH_SEARCH_PATHS = (
					"$(inherited)",
					"@executable_path/Frameworks",
					"@loader_path/Frameworks",
				);
				PRODUCT_BUNDLE_IDENTIFIER = local.hal.jp.H03031UITests;
				PRODUCT_NAME = "$(TARGET_NAME)";
				SWIFT_VERSION = 5.0;
				TARGETED_DEVICE_FAMILY = "1,2";
				TEST_TARGET_NAME = H03031;
			};
			name = Release;
		};
/* End XCBuildConfiguration section */

/* Begin XCConfigurationList section */
		92C3523122AA241200CE8842 /* Build configuration list for PBXProject "H03031" */ = {
			isa = XCConfigurationList;
			buildConfigurations = (
				92C3525C22AA241400CE8842 /* Debug */,
				92C3525D22AA241400CE8842 /* Release */,
			);
			defaultConfigurationIsVisible = 0;
			defaultConfigurationName = Release;
		};
		92C3525E22AA241400CE8842 /* Build configuration list for PBXNativeTarget "H03031" */ = {
			isa = XCConfigurationList;
			buildConfigurations = (
				92C3525F22AA241400CE8842 /* Debug */,
				92C3526022AA241400CE8842 /* Release */,
			);
			defaultConfigurationIsVisible = 0;
			defaultConfigurationName = Release;
		};
		92C3526122AA241400CE8842 /* Build configuration list for PBXNativeTarget "H03031Tests" */ = {
			isa = XCConfigurationList;
			buildConfigurations = (
				92C3526222AA241400CE8842 /* Debug */,
				92C3526322AA241400CE8842 /* Release */,
			);
			defaultConfigurationIsVisible = 0;
			defaultConfigurationName = Release;
		};
		92C3526422AA241400CE8842 /* Build configuration list for PBXNativeTarget "H03031UITests" */ = {
			isa = XCConfigurationList;
			buildConfigurations = (
				92C3526522AA241400CE8842 /* Debug */,
				92C3526622AA241400CE8842 /* Release */,
			);
			defaultConfigurationIsVisible = 0;
			defaultConfigurationName = Release;
		};
/* End XCConfigurationList section */
	};
	rootObject = 92C3522E22AA241200CE8842 /* Project object */;
}
